
Microsoft Visual Studio Solution File, Format Version 12.00
# Visual Studio Version 16
VisualStudioVersion = 16.0.30717.126
MinimumVisualStudioVersion = 10.0.40219.1
Project("{FAE04EC0-301F-11D3-BF4B-00C04F79EFBC}") = "Gestion élèves", "Gestion élèves.csproj", "{C4DD9045-FCAE-45EF-911D-349F891A6173}"
EndProject
Global
	GlobalSection(SolutionConfigurationPlatforms) = preSolution
		Debug|Any CPU = Debug|Any CPU
		Release|Any CPU = Release|Any CPU
	EndGlobalSection
	GlobalSection(ProjectConfigurationPlatforms) = postSolution
		{C4DD9045-FCAE-45EF-911D-349F891A6173}.Debug|Any CPU.ActiveCfg = Debug|Any CPU
		{C4DD9045-FCAE-45EF-911D-349F891A6173}.Debug|Any CPU.Build.0 = Debug|Any CPU
		{C4DD9045-FCAE-45EF-911D-349F891A6173}.Release|Any CPU.ActiveCfg = Release|Any CPU
		{C4DD9045-FCAE-45EF-911D-349F891A6173}.Release|Any CPU.Build.0 = Release|Any CPU
	EndGlobalSection
	GlobalSection(SolutionProperties) = preSolution
		HideSolutionNode = FALSE
	EndGlobalSection
	GlobalSection(ExtensibilityGlobals) = postSolution
		SolutionGuid = {31F8E25B-280F-4404-964E-92575362AC33}
	EndGlobalSection
EndGlobal
